
Microsoft Visual Studio Solution File, Format Version 12.00
# Visual Studio Version 17
VisualStudioVersion = 17.14.37301.10 d17.14
MinimumVisualStudioVersion = 10.0.40219.1
Project("{FAE04EC0-301F-11D3-BF4B-00C04F79EFBC}") = "SideQuest", "SideQuest\SideQuest.csproj", "{E71C8687-C721-4C21-834F-67FBEC96538E}"
EndProject
Global
	GlobalSection(SolutionConfigurationPlatforms) = preSolution
		Debug|Any CPU = Debug|Any CPU
		Release|Any CPU = Release|Any CPU
	EndGlobalSection
	GlobalSection(ProjectConfigurationPlatforms) = postSolution
		{E71C8687-C721-4C21-834F-67FBEC96538E}.Debug|Any CPU.ActiveCfg = Debug|Any CPU
		{E71C8687-C721-4C21-834F-67FBEC96538E}.Debug|Any CPU.Build.0 = Debug|Any CPU
		{E71C8687-C721-4C21-834F-67FBEC96538E}.Release|Any CPU.ActiveCfg = Release|Any CPU
		{E71C8687-C721-4C21-834F-67FBEC96538E}.Release|Any CPU.Build.0 = Release|Any CPU
	EndGlobalSection
	GlobalSection(SolutionProperties) = preSolution
		HideSolutionNode = FALSE
	EndGlobalSection
	GlobalSection(ExtensibilityGlobals) = postSolution
		SolutionGuid = {2EDD23B3-F427-4971-9BFB-02D3F56D5DE3}
	EndGlobalSection
EndGlobal
